
Microsoft Visual Studio Solution File, Format Version 12.00
# Visual Studio 2013
VisualStudioVersion = 12.0.31101.0
MinimumVisualStudioVersion = 10.0.40219.1
Project("{FAE04EC0-301F-11D3-BF4B-00C04F79EFBC}") = "TomasilvBot", "TomasilvBot\TomasilvBot.csproj", "{CBC7554F-8335-4937-86D2-7D20D2BE375D}"
EndProject
Global
	GlobalSection(SolutionConfigurationPlatforms) = preSolution
		Debug|Any CPU = Debug|Any CPU
		Release|Any CPU = Release|Any CPU
	EndGlobalSection
	GlobalSection(ProjectConfigurationPlatforms) = postSolution
		{CBC7554F-8335-4937-86D2-7D20D2BE375D}.Debug|Any CPU.ActiveCfg = Debug|Any CPU
		{CBC7554F-8335-4937-86D2-7D20D2BE375D}.Debug|Any CPU.Build.0 = Debug|Any CPU
		{CBC7554F-8335-4937-86D2-7D20D2BE375D}.Release|Any CPU.ActiveCfg = Release|Any CPU
		{CBC7554F-8335-4937-86D2-7D20D2BE375D}.Release|Any CPU.Build.0 = Release|Any CPU
	EndGlobalSection
	GlobalSection(SolutionProperties) = preSolution
		HideSolutionNode = FALSE
	EndGlobalSection
EndGlobal
